// !$*UTF8*$!
{
	archiveVersion = 1;
	classes = {
	};
	objectVersion = 55;
	objects = {

/* Begin PBXBuildFile section */
		BE8E94E62785C44300EE2D50 /* AppDelegate.swift in Sources */ = {isa = PBXBuildFile; fileRef = BE8E94E52785C44300EE2D50 /* AppDelegate.swift */; };
		BE8E94E82785C44300EE2D50 /* SceneDelegate.swift in Sources */ = {isa = PBXBuildFile; fileRef = BE8E94E72785C44300EE2D50 /* SceneDelegate.swift */; };
		BE8E94EA2785C44300EE2D50 /* ViewController.swift in Sources */ = {isa = PBXBuildFile; fileRef = BE8E94E92785C44300EE2D50 /* ViewController.swift */; };
		BE8E94ED2785C44300EE2D50 /* Main.storyboard in Resources */ = {isa = PBXBuildFile; fileRef = BE8E94EB2785C44300EE2D50 /* Main.storyboard */; };
		BE8E94EF2785C44900EE2D50 /* Assets.xcassets in Resources */ = {isa = PBXBuildFile; fileRef = BE8E94EE2785C44900EE2D50 /* Assets.xcassets */; };
		BE8E94F22785C44900EE2D50 /* LaunchScreen.storyboard in Resources */ = {isa = PBXBuildFile; fileRef = BE8E94F02785C44900EE2D50 /* LaunchScreen.storyboard */; };
		EFF6F72568DFE1364186C459 /* Pods_SingleViewApp.framework in Frameworks */ = {isa = PBXBuildFile; fileRef = FD554973EC0C8B13BC9A1918 /* Pods_SingleViewApp.framework */; };
/* End PBXBuildFile section */

/* Begin PBXFileReference section */
		BE8E94E22785C44300EE2D50 /* SingleViewApp.app */ = {isa = PBXFileReference; explicitFileType = wrapper.application; includeInIndex = 0; path = SingleViewApp.app; sourceTree = BUILT_PRODUCTS_DIR; };
		BE8E94E52785C44300EE2D50 /* AppDelegate.swift */ = {isa = PBXFileReference; lastKnownFileType = sourcecode.swift; path = AppDelegate.swift; sourceTree = "<group>"; };
		BE8E94E72785C44300EE2D50 /* SceneDelegate.swift */ = {isa = PBXFileReference; lastKnownFileType = sourcecode.swift; path = SceneDelegate.swift; sourceTree = "<group>"; };
		BE8E94E92785C44300EE2D50 /* ViewController.swift */ = {isa = PBXFileReference; lastKnownFileType = sourcecode.swift; path = ViewController.swift; sourceTree = "<group>"; };
		BE8E94EC2785C44300EE2D50 /* Base */ = {isa = PBXFileReference; lastKnownFileType = file.storyboard; name = Base; path = Base.lproj/Main.storyboard; sourceTree = "<group>"; };
		BE8E94EE2785C44900EE2D50 /* Assets.xcassets */ = {isa = PBXFileReference; lastKnownFileType = folder.assetcatalog; path = Assets.xcassets; sourceTree = "<group>"; };
		BE8E94F12785C44900EE2D50 /* Base */ = {isa = PBXFileReference; lastKnownFileType = file.storyboard; name = Base; path = Base.lproj/LaunchScreen.storyboard; sourceTree = "<group>"; };
		BE8E94F32785C44900EE2D50 /* Info.plist */ = {isa = PBXFileReference; lastKnownFileType = text.plist.xml; path = Info.plist; sourceTree = "<group>"; };
		D77429BBFECA57D2D2C2E22C /* Pods-SingleViewApp.debug.xcconfig */ = {isa = PBXFileReference; includeInIndex = 1; lastKnownFileType = text.xcconfig; name = "Pods-SingleViewApp.debug.xcconfig"; path = "Target Support Files/Pods-SingleViewApp/Pods-SingleViewApp.debug.xcconfig"; sourceTree = "<group>"; };
		FD554973EC0C8B13BC9A1918 /* Pods_SingleViewApp.framework */ = {isa = PBXFileReference; explicitFileType = wrapper.framework; includeInIndex = 0; path = Pods_SingleViewApp.framework; sourceTree = BUILT_PRODUCTS_DIR; };
		FE1988006F981D573DE54E42 /* Pods-SingleViewApp.release.xcconfig */ = {isa = PBXFileReference; includeInIndex = 1; lastKnownFileType = text.xcconfig; name = "Pods-SingleViewApp.release.xcconfig"; path = "Target Support Files/Pods-SingleViewApp/Pods-SingleViewApp.release.xcconfig"; sourceTree = "<group>"; };
/* End PBXFileReference section */

/* Begin PBXFrameworksBuildPhase section */
		BE8E94DF2785C44300EE2D50 /* Frameworks */ = {
			isa = PBXFrameworksBuildPhase;
			buildActionMask = 2147483647;
			files = (
				EFF6F72568DFE1364186C459 /* Pods_SingleViewApp.framework in Frameworks */,
			);
			runOnlyForDeploymentPostprocessing = 0;
		};
/* End PBXFrameworksBuildPhase section */

/* Begin PBXGroup section */
		A51B66E1C2262395D177D09C /* Frameworks */ = {
			isa = PBXGroup;
			children = (
				FD554973EC0C8B13BC9A1918 /* Pods_SingleViewApp.framework */,
			);
			name = Frameworks;
			sourceTree = "<group>";
		};
		BE8E94D92785C44300EE2D50 = {
			isa = PBXGroup;
			children = (
				BE8E94E42785C44300EE2D50 /* SingleViewApp */,
				BE8E94E32785C44300EE2D50 /* Products */,
				DC2D657F0D24F4A56129E177 /* Pods */,
				A51B66E1C2262395D177D09C /* Frameworks */,
			);
			sourceTree = "<group>";
		};
		BE8E94E32785C44300EE2D50 /* Products */ = {
			isa = PBXGroup;
			children = (
				BE8E94E22785C44300EE2D50 /* SingleViewApp.app */,
			);
			name = Products;
			sourceTree = "<group>";
		};
		BE8E94E42785C44300EE2D50 /* SingleViewApp */ = {
			isa = PBXGroup;
			children = (
				BE8E94E52785C44300EE2D50 /* AppDelegate.swift */,
				BE8E94E72785C44300EE2D50 /* SceneDelegate.swift */,
				BE8E94E92785C44300EE2D50 /* ViewController.swift */,
				BE8E94EB2785C44300EE2D50 /* Main.storyboard */,
				BE8E94EE2785C44900EE2D50 /* Assets.xcassets */,
				BE8E94F02785C44900EE2D50 /* LaunchScreen.storyboard */,
				BE8E94F32785C44900EE2D50 /* Info.plist */,
			);
			path = SingleViewApp;
			sourceTree = "<group>";
		};
		DC2D657F0D24F4A56129E177 /* Pods */ = {
			isa = PBXGroup;
			children = (
				D77429BBFECA57D2D2C2E22C /* Pods-SingleViewApp.debug.xcconfig */,
				FE1988006F981D573DE54E42 /* Pods-SingleViewApp.release.xcconfig */,
			);
			name = Pods;
			path = Pods;
			sourceTree = "<group>";
		};
/* End PBXGroup section */

/* Begin PBXNativeTarget section */
		BE8E94E12785C44300EE2D50 /* SingleViewApp */ = {
			isa = PBXNativeTarget;
			buildConfigurationList = BE8E94F62785C44900EE2D50 /* Build configuration list for PBXNativeTarget "SingleViewApp" */;
			buildPhases = (
				8C4EC149976B3DAE5D96D521 /* [CP] Check Pods Manifest.lock */,
				BE8E94DE2785C44300EE2D50 /* Sources */,
				BE8E94DF2785C44300EE2D50 /* Frameworks */,
				BE8E94E02785C44300EE2D50 /* Resources */,
				C1715397E4A015277E2F7FE1 /* [CP] Embed Pods Frameworks */,
			);
			buildRules = (
			);
			dependencies = (
			);
			name = SingleViewApp;
			productName = SingleViewApp;
			productReference = BE8E94E22785C44300EE2D50 /* SingleViewApp.app */;
			productType = "com.apple.product-type.application";
		};
/* End PBXNativeTarget section */

/* Begin PBXProject section */
		BE8E94DA2785C44300EE2D50 /* Project object */ = {
			isa = PBXProject;
			attributes = {
				BuildIndependentTargetsInParallel = 1;
				LastSwiftUpdateCheck = 1320;
				LastUpgradeCheck = 1320;
				TargetAttributes = {
					BE8E94E12785C44300EE2D50 = {
						CreatedOnToolsVersion = 13.2.1;
					};
				};
			};
			buildConfigurationList = BE8E94DD2785C44300EE2D50 /* Build configuration list for PBXProject "SingleViewApp" */;
			compatibilityVersion = "Xcode 13.0";
			developmentRegion = en;
			hasScannedForEncodings = 0;
			knownRegions = (
				en,
				Base,
			);
			mainGroup = BE8E94D92785C44300EE2D50;
			productRefGroup = BE8E94E32785C44300EE2D50 /* Products */;
			projectDirPath = "";
			projectRoot = "";
			targets = (
				BE8E94E12785C44300EE2D50 /* SingleViewApp */,
			);
		};
/* End PBXProject section */

/* Begin PBXResourcesBuildPhase section */
		BE8E94E02785C44300EE2D50 /* Resources */ = {
			isa = PBXResourcesBuildPhase;
			buildActionMask = 2147483647;
			files = (
				BE8E94F22785C44900EE2D50 /* LaunchScreen.storyboard in Resources */,
				BE8E94EF2785C44900EE2D50 /* Assets.xcassets in Resources */,
				BE8E94ED2785C44300EE2D50 /* Main.storyboard in Resources */,
			);
			runOnlyForDeploymentPostprocessing = 0;
		};
/* End PBXResourcesBuildPhase section */

/* Begin PBXShellScriptBuildPhase section */
		8C4EC149976B3DAE5D96D521 /* [CP] Check Pods Manifest.lock */ = {
			isa = PBXShellScriptBuildPhase;
			buildActionMask = 2147483647;
			files = (
			);
			inputFileListPaths = (
			);
			inputPaths = (
				"${PODS_PODFILE_DIR_PATH}/Podfile.lock",
				"${PODS_ROOT}/Manifest.lock",
			);
			name = "[CP] Check Pods Manifest.lock";
			outputFileListPaths = (
			);
			outputPaths = (
				"$(DERIVED_FILE_DIR)/Pods-SingleViewApp-checkManifestLockResult.txt",
			);
			runOnlyForDeploymentPostprocessing = 0;
			shellPath = /bin/sh;
			shellScript = "diff \"${PODS_PODFILE_DIR_PATH}/Podfile.lock\" \"${PODS_ROOT}/Manifest.lock\" > /dev/null\nif [ $? != 0 ] ; then\n    # print error to STDERR\n    echo \"error: The sandbox is not in sync with the Podfile.lock. Run 'pod install' or update your CocoaPods installation.\" >&2\n    exit 1\nfi\n# This output is used by Xcode 'outputs' to avoid re-running this script phase.\necho \"SUCCESS\" > \"${SCRIPT_OUTPUT_FILE_0}\"\n";
			showEnvVarsInLog = 0;
		};
		C1715397E4A015277E2F7FE1 /* [CP] Embed Pods Frameworks */ = {
			isa = PBXShellScriptBuildPhase;
			buildActionMask = 2147483647;
			files = (
			);
			inputFileListPaths = (
				"${PODS_ROOT}/Target Support Files/Pods-SingleViewApp/Pods-SingleViewApp-frameworks-${CONFIGURATION}-input-files.xcfilelist",
			);
			name = "[CP] Embed Pods Frameworks";
			outputFileListPaths = (
				"${PODS_ROOT}/Target Support Files/Pods-SingleViewApp/Pods-SingleViewApp-frameworks-${CONFIGURATION}-output-files.xcfilelist",
			);
			runOnlyForDeploymentPostprocessing = 0;
			shellPath = /bin/sh;
			shellScript = "\"${PODS_ROOT}/Target Support Files/Pods-SingleViewApp/Pods-SingleViewApp-frameworks.sh\"\n";
			showEnvVarsInLog = 0;
		};
/* End PBXShellScriptBuildPhase section */

/* Begin PBXSourcesBuildPhase section */
		BE8E94DE2785C44300EE2D50 /* Sources */ = {
			isa = PBXSourcesBuildPhase;
			buildActionMask = 2147483647;
			files = (
				BE8E94EA2785C44300EE2D50 /* ViewController.swift in Sources */,
				BE8E94E62785C44300EE2D50 /* AppDelegate.swift in Sources */,
				BE8E94E82785C44300EE2D50 /* SceneDelegate.swift in Sources */,
			);
			runOnlyForDeploymentPostprocessing = 0;
		};
/* End PBXSourcesBuildPhase section */

/* Begin PBXVariantGroup section */
		BE8E94EB2785C44300EE2D50 /* Main.storyboard */ = {
			isa = PBXVariantGroup;
			children = (
				BE8E94EC2785C44300EE2D50 /* Base */,
			);
			name = Main.storyboard;
			sourceTree = "<group>";
		};
		BE8E94F02785C44900EE2D50 /* LaunchScreen.storyboard */ = {
			isa = PBXVariantGroup;
			children = (
				BE8E94F12785C44900EE2D50 /* Base */,
			);
			name = LaunchScreen.storyboard;
			sourceTree = "<group>";
		};
/* End PBXVariantGroup section */

/* Begin XCBuildConfiguration section */
		BE8E94F42785C44900EE2D50 /* Debug */ = {
			isa = XCBuildConfiguration;
			buildSettings = {
				ALWAYS_SEARCH_USER_PATHS = NO;
				CLANG_ANALYZER_NONNULL = YES;
				CLANG_ANALYZER_NUMBER_OBJECT_CONVERSION = YES_AGGRESSIVE;
				CLANG_CXX_LANGUAGE_STANDARD = "gnu++17";
				CLANG_CXX_LIBRARY = "libc++";
				CLANG_ENABLE_MODULES = YES;
				CLANG_ENABLE_OBJC_ARC = YES;
				CLANG_ENABLE_OBJC_WEAK = YES;
				CLANG_WARN_BLOCK_CAPTURE_AUTORELEASING = YES;
				CLANG_WARN_BOOL_CONVERSION = YES;
				CLANG_WARN_COMMA = YES;
				CLANG_WARN_CONSTANT_CONVERSION = YES;
				CLANG_WARN_DEPRECATED_OBJC_IMPLEMENTATIONS = YES;
				CLANG_WARN_DIRECT_OBJC_ISA_USAGE = YES_ERROR;
				CLANG_WARN_DOCUMENTATION_COMMENTS = YES;
				CLANG_WARN_EMPTY_BODY = YES;
				CLANG_WARN_ENUM_CONVERSION = YES;
				CLANG_WARN_INFINITE_RECURSION = YES;
				CLANG_WARN_INT_CONVERSION = YES;
				CLANG_WARN_NON_LITERAL_NULL_CONVERSION = YES;
				CLANG_WARN_OBJC_IMPLICIT_RETAIN_SELF = YES;
				CLANG_WARN_OBJC_LITERAL_CONVERSION = YES;
				CLANG_WARN_OBJC_ROOT_CLASS = YES_ERROR;
				CLANG_WARN_QUOTED_INCLUDE_IN_FRAMEWORK_HEADER = YES;
				CLANG_WARN_RANGE_LOOP_ANALYSIS = YES;
				CLANG_WARN_STRICT_PROTOTYPES = YES;
				CLANG_WARN_SUSPICIOUS_MOVE = YES;
				CLANG_WARN_UNGUARDED_AVAILABILITY = YES_AGGRESSIVE;
				CLANG_WARN_UNREACHABLE_CODE = YES;
				CLANG_WARN__DUPLICATE_METHOD_MATCH = YES;
				COPY_PHASE_STRIP = NO;
				DEBUG_INFORMATION_FORMAT = dwarf;
				ENABLE_STRICT_OBJC_MSGSEND = YES;
				ENABLE_TESTABILITY = YES;
				GCC_C_LANGUAGE_STANDARD = gnu11;
				GCC_DYNAMIC_NO_PIC = NO;
				GCC_NO_COMMON_BLOCKS = YES;
				GCC_OPTIMIZATION_LEVEL = 0;
				GCC_PREPROCESSOR_DEFINITIONS = (
					"DEBUG=1",
					"$(inherited)",
				);
				GCC_WARN_64_TO_32_BIT_CONVERSION = YES;
				GCC_WARN_ABOUT_RETURN_TYPE = YES_ERROR;
				GCC_WARN_UNDECLARED_SELECTOR = YES;
				GCC_WARN_UNINITIALIZED_AUTOS = YES_AGGRESSIVE;
				GCC_WARN_UNUSED_FUNCTION = YES;
				GCC_WARN_UNUSED_VARIABLE = YES;
				IPHONEOS_DEPLOYMENT_TARGET = 15.2;
				MTL_ENABLE_DEBUG_INFO = INCLUDE_SOURCE;
				MTL_FAST_MATH = YES;
				ONLY_ACTIVE_ARCH = YES;
				SDKROOT = iphoneos;
				SWIFT_ACTIVE_COMPILATION_CONDITIONS = DEBUG;
				SWIFT_OPTIMIZATION_LEVEL = "-Onone";
			};
			name = Debug;
		};
		BE8E94F52785C44900EE2D50 /* Release */ = {
			isa = XCBuildConfiguration;
			buildSettings = {
				ALWAYS_SEARCH_USER_PATHS = NO;
				CLANG_ANALYZER_NONNULL = YES;
				CLANG_ANALYZER_NUMBER_OBJECT_CONVERSION = YES_AGGRESSIVE;
				CLANG_CXX_LANGUAGE_STANDARD = "gnu++17";
				CLANG_CXX_LIBRARY = "libc++";
				CLANG_ENABLE_MODULES = YES;
				CLANG_ENABLE_OBJC_ARC = YES;
				CLANG_ENABLE_OBJC_WEAK = YES;
				CLANG_WARN_BLOCK_CAPTURE_AUTORELEASING = YES;
				CLANG_WARN_BOOL_CONVERSION = YES;
				CLANG_WARN_COMMA = YES;
				CLANG_WARN_CONSTANT_CONVERSION = YES;
				CLANG_WARN_DEPRECATED_OBJC_IMPLEMENTATIONS = YES;
				CLANG_WARN_DIRECT_OBJC_ISA_USAGE = YES_ERROR;
				CLANG_WARN_DOCUMENTATION_COMMENTS = YES;
				CLANG_WARN_EMPTY_BODY = YES;
				CLANG_WARN_ENUM_CONVERSION = YES;
				CLANG_WARN_INFINITE_RECURSION = YES;
				CLANG_WARN_INT_CONVERSION = YES;
				CLANG_WARN_NON_LITERAL_NULL_CONVERSION = YES;
				CLANG_WARN_OBJC_IMPLICIT_RETAIN_SELF = YES;
				CLANG_WARN_OBJC_LITERAL_CONVERSION = YES;
				CLANG_WARN_OBJC_ROOT_CLASS = YES_ERROR;
				CLANG_WARN_QUOTED_INCLUDE_IN_FRAMEWORK_HEADER = YES;
				CLANG_WARN_RANGE_LOOP_ANALYSIS = YES;
				CLANG_WARN_STRICT_PROTOTYPES = YES;
				CLANG_WARN_SUSPICIOUS_MOVE = YES;
				CLANG_WARN_UNGUARDED_AVAILABILITY = YES_AGGRESSIVE;
				CLANG_WARN_UNREACHABLE_CODE = YES;
				CLANG_WARN__DUPLICATE_METHOD_MATCH = YES;
				COPY_PHASE_STRIP = NO;
				DEBUG_INFORMATION_FORMAT = "dwarf-with-dsym";
				ENABLE_NS_ASSERTIONS = NO;
				ENABLE_STRICT_OBJC_MSGSEND = YES;
				GCC_C_LANGUAGE_STANDARD = gnu11;
				GCC_NO_COMMON_BLOCKS = YES;
				GCC_WARN_64_TO_32_BIT_CONVERSION = YES;
				GCC_WARN_ABOUT_RETURN_TYPE = YES_ERROR;
				GCC_WARN_UNDECLARED_SELECTOR = YES;
				GCC_WARN_UNINITIALIZED_AUTOS = YES_AGGRESSIVE;
				GCC_WARN_UNUSED_FUNCTION = YES;
				GCC_WARN_UNUSED_VARIABLE = YES;
				IPHONEOS_DEPLOYMENT_TARGET = 15.2;
				MTL_ENABLE_DEBUG_INFO = NO;
				MTL_FAST_MATH = YES;
				SDKROOT = iphoneos;
				SWIFT_COMPILATION_MODE = wholemodule;
				SWIFT_OPTIMIZATION_LEVEL = "-O";
				VALIDATE_PRODUCT = YES;
			};
			name = Release;
		};
		BE8E94F72785C44900EE2D50 /* Debug */ = {
			isa = XCBuildConfiguration;
			baseConfigurationReference = D77429BBFECA57D2D2C2E22C /* Pods-SingleViewApp.debug.xcconfig */;
			buildSettings = {
				ASSETCATALOG_COMPILER_APPICON_NAME = AppIcon;
				ASSETCATALOG_COMPILER_GLOBAL_ACCENT_COLOR_NAME = AccentColor;
				CODE_SIGN_STYLE = Automatic;
				CURRENT_PROJECT_VERSION = 1;
				GENERATE_INFOPLIST_FILE = YES;
				INFOPLIST_FILE = SingleViewApp/Info.plist;
				INFOPLIST_KEY_UIApplicationSupportsIndirectInputEvents = YES;
				INFOPLIST_KEY_UILaunchStoryboardName = LaunchScreen;
				INFOPLIST_KEY_UIMainStoryboardFile = Main;
				INFOPLIST_KEY_UISupportedInterfaceOrientations_iPad = "UIInterfaceOrientationPortrait UIInterfaceOrientationPortraitUpsideDown UIInterfaceOrientationLandscapeLeft UIInterfaceOrientationLandscapeRight";
				INFOPLIST_KEY_UISupportedInterfaceOrientations_iPhone = "UIInterfaceOrientationPortrait UIInterfaceOrientationLandscapeLeft UIInterfaceOrientationLandscapeRight";
				LD_RUNPATH_SEARCH_PATHS = (
					"$(inherited)",
					"@executable_path/Frameworks",
				);
				MARKETING_VERSION = 1.0;
				PRODUCT_BUNDLE_IDENTIFIER = "ru.SB.Single-View-App.SingleViewApp";
				PRODUCT_NAME = "$(TARGET_NAME)";
				SWIFT_EMIT_LOC_STRINGS = YES;
				SWIFT_VERSION = 5.0;
				TARGETED_DEVICE_FAMILY = "1,2";
			};
			name = Debug;
		};
		BE8E94F82785C44900EE2D50 /* Release */ = {
			isa = XCBuildConfiguration;
			baseConfigurationReference = FE1988006F981D573DE54E42 /* Pods-SingleViewApp.release.xcconfig */;
			buildSettings = {
				ASSETCATALOG_COMPILER_APPICON_NAME = AppIcon;
				ASSETCATALOG_COMPILER_GLOBAL_ACCENT_COLOR_NAME = AccentColor;
				CODE_SIGN_STYLE = Automatic;
				CURRENT_PROJECT_VERSION = 1;
				GENERATE_INFOPLIST_FILE = YES;
				INFOPLIST_FILE = SingleViewApp/Info.plist;
				INFOPLIST_KEY_UIApplicationSupportsIndirectInputEvents = YES;
				INFOPLIST_KEY_UILaunchStoryboardName = LaunchScreen;
				INFOPLIST_KEY_UIMainStoryboardFile = Main;
				INFOPLIST_KEY_UISupportedInterfaceOrientations_iPad = "UIInterfaceOrientationPortrait UIInterfaceOrientationPortraitUpsideDown UIInterfaceOrientationLandscapeLeft UIInterfaceOrientationLandscapeRight";
				INFOPLIST_KEY_UISupportedInterfaceOrientations_iPhone = "UIInterfaceOrientationPortrait UIInterfaceOrientationLandscapeLeft UIInterfaceOrientationLandscapeRight";
				LD_RUNPATH_SEARCH_PATHS = (
					"$(inherited)",
					"@executable_path/Frameworks",
				);
				MARKETING_VERSION = 1.0;
				PRODUCT_BUNDLE_IDENTIFIER = "ru.SB.Single-View-App.SingleViewApp";
				PRODUCT_NAME = "$(TARGET_NAME)";
				SWIFT_EMIT_LOC_STRINGS = YES;
				SWIFT_VERSION = 5.0;
				TARGETED_DEVICE_FAMILY = "1,2";
			};
			name = Release;
		};
/* End XCBuildConfiguration section */

/* Begin XCConfigurationList section */
		BE8E94DD2785C44300EE2D50 /* Build configuration list for PBXProject "SingleViewApp" */ = {
			isa = XCConfigurationList;
			buildConfigurations = (
				BE8E94F42785C44900EE2D50 /* Debug */,
				BE8E94F52785C44900EE2D50 /* Release */,
			);
			defaultConfigurationIsVisible = 0;
			defaultConfigurationName = Release;
		};
		BE8E94F62785C44900EE2D50 /* Build configuration list for PBXNativeTarget "SingleViewApp" */ = {
			isa = XCConfigurationList;
			buildConfigurations = (
				BE8E94F72785C44900EE2D50 /* Debug */,
				BE8E94F82785C44900EE2D50 /* Release */,
			);
			defaultConfigurationIsVisible = 0;
			defaultConfigurationName = Release;
		};
/* End XCConfigurationList section */
	};
	rootObject = BE8E94DA2785C44300EE2D50 /* Project object */;
}
